// !$*UTF8*$!
{
	archiveVersion = 1;
	classes = {
	};
	objectVersion = 56;
	objects = {

/* Begin PBXBuildFile section */
		1F8E6D742B6BE1500034F0F7 /* todo_exerciseApp.swift in Sources */ = {isa = PBXBuildFile; fileRef = 1F8E6D732B6BE1500034F0F7 /* todo_exerciseApp.swift */; };
		1F8E6D762B6BE1500034F0F7 /* TodoView.swift in Sources */ = {isa = PBXBuildFile; fileRef = 1F8E6D752B6BE1500034F0F7 /* TodoView.swift */; };
		1F8E6D782B6BE1520034F0F7 /* Assets.xcassets in Resources */ = {isa = PBXBuildFile; fileRef = 1F8E6D772B6BE1520034F0F7 /* Assets.xcassets */; };
		1F8E6D7C2B6BE1520034F0F7 /* Preview Assets.xcassets in Resources */ = {isa = PBXBuildFile; fileRef = 1F8E6D7B2B6BE1520034F0F7 /* Preview Assets.xcassets */; };
		1FA41D682B6BE5870090F325 /* FileManagerHelper.swift in Sources */ = {isa = PBXBuildFile; fileRef = 1FA41D672B6BE5870090F325 /* FileManagerHelper.swift */; };
		1FE3D7522B6BE39B00AA95F6 /* AppState.swift in Sources */ = {isa = PBXBuildFile; fileRef = 1FE3D7512B6BE39B00AA95F6 /* AppState.swift */; };
		1FE4A7BA2B6ED9580033D06E /* Todo.swift in Sources */ = {isa = PBXBuildFile; fileRef = 1FE4A7B92B6ED9580033D06E /* Todo.swift */; };
		1FE4A7BC2B6EDA5E0033D06E /* TodoActions.swift in Sources */ = {isa = PBXBuildFile; fileRef = 1FE4A7BB2B6EDA5E0033D06E /* TodoActions.swift */; };
		1FE4A7BE2B6EDAD00033D06E /* TodoReducer.swift in Sources */ = {isa = PBXBuildFile; fileRef = 1FE4A7BD2B6EDAD00033D06E /* TodoReducer.swift */; };
		1FE4A7C22B6EDF7A0033D06E /* Store.swift in Sources */ = {isa = PBXBuildFile; fileRef = 1FE4A7C12B6EDF7A0033D06E /* Store.swift */; };
		1FE4A7C42B6EE07F0033D06E /* StoreProvider.swift in Sources */ = {isa = PBXBuildFile; fileRef = 1FE4A7C32B6EE07F0033D06E /* StoreProvider.swift */; };
		223C8D7776D5F367C4D2D57F /* Pods_todo_exercise.framework in Frameworks */ = {isa = PBXBuildFile; fileRef = 4777835E62822A90A5DEEB21 /* Pods_todo_exercise.framework */; };
/* End PBXBuildFile section */

/* Begin PBXFileReference section */
		1F8E6D702B6BE1500034F0F7 /* todo-exercise.app */ = {isa = PBXFileReference; explicitFileType = wrapper.application; includeInIndex = 0; path = "todo-exercise.app"; sourceTree = BUILT_PRODUCTS_DIR; };
		1F8E6D732B6BE1500034F0F7 /* todo_exerciseApp.swift */ = {isa = PBXFileReference; lastKnownFileType = sourcecode.swift; path = todo_exerciseApp.swift; sourceTree = "<group>"; };
		1F8E6D752B6BE1500034F0F7 /* TodoView.swift */ = {isa = PBXFileReference; lastKnownFileType = sourcecode.swift; path = TodoView.swift; sourceTree = "<group>"; };
		1F8E6D772B6BE1520034F0F7 /* Assets.xcassets */ = {isa = PBXFileReference; lastKnownFileType = folder.assetcatalog; path = Assets.xcassets; sourceTree = "<group>"; };
		1F8E6D792B6BE1520034F0F7 /* todo_exercise.entitlements */ = {isa = PBXFileReference; lastKnownFileType = text.plist.entitlements; path = todo_exercise.entitlements; sourceTree = "<group>"; };
		1F8E6D7B2B6BE1520034F0F7 /* Preview Assets.xcassets */ = {isa = PBXFileReference; lastKnownFileType = folder.assetcatalog; path = "Preview Assets.xcassets"; sourceTree = "<group>"; };
		1FA41D672B6BE5870090F325 /* FileManagerHelper.swift */ = {isa = PBXFileReference; lastKnownFileType = sourcecode.swift; path = FileManagerHelper.swift; sourceTree = "<group>"; };
		1FE3D7512B6BE39B00AA95F6 /* AppState.swift */ = {isa = PBXFileReference; lastKnownFileType = sourcecode.swift; path = AppState.swift; sourceTree = "<group>"; };
		1FE4A7B92B6ED9580033D06E /* Todo.swift */ = {isa = PBXFileReference; lastKnownFileType = sourcecode.swift; path = Todo.swift; sourceTree = "<group>"; };
		1FE4A7BB2B6EDA5E0033D06E /* TodoActions.swift */ = {isa = PBXFileReference; lastKnownFileType = sourcecode.swift; path = TodoActions.swift; sourceTree = "<group>"; };
		1FE4A7BD2B6EDAD00033D06E /* TodoReducer.swift */ = {isa = PBXFileReference; lastKnownFileType = sourcecode.swift; path = TodoReducer.swift; sourceTree = "<group>"; };
		1FE4A7C12B6EDF7A0033D06E /* Store.swift */ = {isa = PBXFileReference; lastKnownFileType = sourcecode.swift; path = Store.swift; sourceTree = "<group>"; };
		1FE4A7C32B6EE07F0033D06E /* StoreProvider.swift */ = {isa = PBXFileReference; lastKnownFileType = sourcecode.swift; path = StoreProvider.swift; sourceTree = "<group>"; };
		4777835E62822A90A5DEEB21 /* Pods_todo_exercise.framework */ = {isa = PBXFileReference; explicitFileType = wrapper.framework; includeInIndex = 0; path = Pods_todo_exercise.framework; sourceTree = BUILT_PRODUCTS_DIR; };
		837DCBA78377587EAA3F5D8D /* Pods-todo-exercise.debug.xcconfig */ = {isa = PBXFileReference; includeInIndex = 1; lastKnownFileType = text.xcconfig; name = "Pods-todo-exercise.debug.xcconfig"; path = "Target Support Files/Pods-todo-exercise/Pods-todo-exercise.debug.xcconfig"; sourceTree = "<group>"; };
		DAC47775316DDA858BB84656 /* Pods-todo-exercise.release.xcconfig */ = {isa = PBXFileReference; includeInIndex = 1; lastKnownFileType = text.xcconfig; name = "Pods-todo-exercise.release.xcconfig"; path = "Target Support Files/Pods-todo-exercise/Pods-todo-exercise.release.xcconfig"; sourceTree = "<group>"; };
/* End PBXFileReference section */

/* Begin PBXFrameworksBuildPhase section */
		1F8E6D6D2B6BE1500034F0F7 /* Frameworks */ = {
			isa = PBXFrameworksBuildPhase;
			buildActionMask = 2147483647;
			files = (
				223C8D7776D5F367C4D2D57F /* Pods_todo_exercise.framework in Frameworks */,
			);
			runOnlyForDeploymentPostprocessing = 0;
		};
/* End PBXFrameworksBuildPhase section */

/* Begin PBXGroup section */
		059AB551D81EE7A7B84E2588 /* Pods */ = {
			isa = PBXGroup;
			children = (
				837DCBA78377587EAA3F5D8D /* Pods-todo-exercise.debug.xcconfig */,
				DAC47775316DDA858BB84656 /* Pods-todo-exercise.release.xcconfig */,
			);
			path = Pods;
			sourceTree = "<group>";
		};
		1F8E6D672B6BE1500034F0F7 = {
			isa = PBXGroup;
			children = (
				1F8E6D722B6BE1500034F0F7 /* todo-exercise */,
				1F8E6D712B6BE1500034F0F7 /* Products */,
				059AB551D81EE7A7B84E2588 /* Pods */,
				35D4670F63E47C2A8F68501D /* Frameworks */,
			);
			sourceTree = "<group>";
		};
		1F8E6D712B6BE1500034F0F7 /* Products */ = {
			isa = PBXGroup;
			children = (
				1F8E6D702B6BE1500034F0F7 /* todo-exercise.app */,
			);
			name = Products;
			sourceTree = "<group>";
		};
		1F8E6D722B6BE1500034F0F7 /* todo-exercise */ = {
			isa = PBXGroup;
			children = (
				1F8E6D792B6BE1520034F0F7 /* todo_exercise.entitlements */,
				1FE3D7512B6BE39B00AA95F6 /* AppState.swift */,
				1F8E6D752B6BE1500034F0F7 /* TodoView.swift */,
				1FA41D672B6BE5870090F325 /* FileManagerHelper.swift */,
				1FE4A7C12B6EDF7A0033D06E /* Store.swift */,
				1FE4A7C32B6EE07F0033D06E /* StoreProvider.swift */,
				1F8E6D732B6BE1500034F0F7 /* todo_exerciseApp.swift */,
				1FE4A7B92B6ED9580033D06E /* Todo.swift */,
				1FE4A7BB2B6EDA5E0033D06E /* TodoActions.swift */,
				1FE4A7BD2B6EDAD00033D06E /* TodoReducer.swift */,
				1F8E6D772B6BE1520034F0F7 /* Assets.xcassets */,
				1F8E6D7A2B6BE1520034F0F7 /* Preview Content */,
			);
			path = "todo-exercise";
			sourceTree = "<group>";
		};
		1F8E6D7A2B6BE1520034F0F7 /* Preview Content */ = {
			isa = PBXGroup;
			children = (
				1F8E6D7B2B6BE1520034F0F7 /* Preview Assets.xcassets */,
			);
			path = "Preview Content";
			sourceTree = "<group>";
		};
		35D4670F63E47C2A8F68501D /* Frameworks */ = {
			isa = PBXGroup;
			children = (
				4777835E62822A90A5DEEB21 /* Pods_todo_exercise.framework */,
			);
			name = Frameworks;
			sourceTree = "<group>";
		};
/* End PBXGroup section */

/* Begin PBXNativeTarget section */
		1F8E6D6F2B6BE1500034F0F7 /* todo-exercise */ = {
			isa = PBXNativeTarget;
			buildConfigurationList = 1F8E6D7F2B6BE1520034F0F7 /* Build configuration list for PBXNativeTarget "todo-exercise" */;
			buildPhases = (
				053AF5B13FAC1BC30370687F /* [CP] Check Pods Manifest.lock */,
				1F8E6D6C2B6BE1500034F0F7 /* Sources */,
				1F8E6D6D2B6BE1500034F0F7 /* Frameworks */,
				1F8E6D6E2B6BE1500034F0F7 /* Resources */,
				F55B886E6E04E89FEAE67F4E /* [CP] Embed Pods Frameworks */,
			);
			buildRules = (
			);
			dependencies = (
			);
			name = "todo-exercise";
			productName = "todo-exercise";
			productReference = 1F8E6D702B6BE1500034F0F7 /* todo-exercise.app */;
			productType = "com.apple.product-type.application";
		};
/* End PBXNativeTarget section */

/* Begin PBXProject section */
		1F8E6D682B6BE1500034F0F7 /* Project object */ = {
			isa = PBXProject;
			attributes = {
				BuildIndependentTargetsInParallel = 1;
				LastSwiftUpdateCheck = 1520;
				LastUpgradeCheck = 1520;
				TargetAttributes = {
					1F8E6D6F2B6BE1500034F0F7 = {
						CreatedOnToolsVersion = 15.2;
					};
				};
			};
			buildConfigurationList = 1F8E6D6B2B6BE1500034F0F7 /* Build configuration list for PBXProject "todo-exercise" */;
			compatibilityVersion = "Xcode 14.0";
			developmentRegion = en;
			hasScannedForEncodings = 0;
			knownRegions = (
				en,
				Base,
			);
			mainGroup = 1F8E6D672B6BE1500034F0F7;
			productRefGroup = 1F8E6D712B6BE1500034F0F7 /* Products */;
			projectDirPath = "";
			projectRoot = "";
			targets = (
				1F8E6D6F2B6BE1500034F0F7 /* todo-exercise */,
			);
		};
/* End PBXProject section */

/* Begin PBXResourcesBuildPhase section */
		1F8E6D6E2B6BE1500034F0F7 /* Resources */ = {
			isa = PBXResourcesBuildPhase;
			buildActionMask = 2147483647;
			files = (
				1F8E6D7C2B6BE1520034F0F7 /* Preview Assets.xcassets in Resources */,
				1F8E6D782B6BE1520034F0F7 /* Assets.xcassets in Resources */,
			);
			runOnlyForDeploymentPostprocessing = 0;
		};
/* End PBXResourcesBuildPhase section */

/* Begin PBXShellScriptBuildPhase section */
		053AF5B13FAC1BC30370687F /* [CP] Check Pods Manifest.lock */ = {
			isa = PBXShellScriptBuildPhase;
			buildActionMask = 2147483647;
			files = (
			);
			inputFileListPaths = (
			);
			inputPaths = (
				"${PODS_PODFILE_DIR_PATH}/Podfile.lock",
				"${PODS_ROOT}/Manifest.lock",
			);
			name = "[CP] Check Pods Manifest.lock";
			outputFileListPaths = (
			);
			outputPaths = (
				"$(DERIVED_FILE_DIR)/Pods-todo-exercise-checkManifestLockResult.txt",
			);
			runOnlyForDeploymentPostprocessing = 0;
			shellPath = /bin/sh;
			shellScript = "diff \"${PODS_PODFILE_DIR_PATH}/Podfile.lock\" \"${PODS_ROOT}/Manifest.lock\" > /dev/null\nif [ $? != 0 ] ; then\n    # print error to STDERR\n    echo \"error: The sandbox is not in sync with the Podfile.lock. Run 'pod install' or update your CocoaPods installation.\" >&2\n    exit 1\nfi\n# This output is used by Xcode 'outputs' to avoid re-running this script phase.\necho \"SUCCESS\" > \"${SCRIPT_OUTPUT_FILE_0}\"\n";
			showEnvVarsInLog = 0;
		};
		F55B886E6E04E89FEAE67F4E /* [CP] Embed Pods Frameworks */ = {
			isa = PBXShellScriptBuildPhase;
			buildActionMask = 2147483647;
			files = (
			);
			inputFileListPaths = (
				"${PODS_ROOT}/Target Support Files/Pods-todo-exercise/Pods-todo-exercise-frameworks-${CONFIGURATION}-input-files.xcfilelist",
			);
			name = "[CP] Embed Pods Frameworks";
			outputFileListPaths = (
				"${PODS_ROOT}/Target Support Files/Pods-todo-exercise/Pods-todo-exercise-frameworks-${CONFIGURATION}-output-files.xcfilelist",
			);
			runOnlyForDeploymentPostprocessing = 0;
			shellPath = /bin/sh;
			shellScript = "\"${PODS_ROOT}/Target Support Files/Pods-todo-exercise/Pods-todo-exercise-frameworks.sh\"\n";
			showEnvVarsInLog = 0;
		};
/* End PBXShellScriptBuildPhase section */

/* Begin PBXSourcesBuildPhase section */
		1F8E6D6C2B6BE1500034F0F7 /* Sources */ = {
			isa = PBXSourcesBuildPhase;
			buildActionMask = 2147483647;
			files = (
				1FE4A7C42B6EE07F0033D06E /* StoreProvider.swift in Sources */,
				1F8E6D762B6BE1500034F0F7 /* TodoView.swift in Sources */,
				1FA41D682B6BE5870090F325 /* FileManagerHelper.swift in Sources */,
				1F8E6D742B6BE1500034F0F7 /* todo_exerciseApp.swift in Sources */,
				1FE4A7C22B6EDF7A0033D06E /* Store.swift in Sources */,
				1FE3D7522B6BE39B00AA95F6 /* AppState.swift in Sources */,
				1FE4A7BA2B6ED9580033D06E /* Todo.swift in Sources */,
				1FE4A7BE2B6EDAD00033D06E /* TodoReducer.swift in Sources */,
				1FE4A7BC2B6EDA5E0033D06E /* TodoActions.swift in Sources */,
			);
			runOnlyForDeploymentPostprocessing = 0;
		};
/* End PBXSourcesBuildPhase section */

/* Begin XCBuildConfiguration section */
		1F8E6D7D2B6BE1520034F0F7 /* Debug */ = {
			isa = XCBuildConfiguration;
			buildSettings = {
				ALWAYS_SEARCH_USER_PATHS = NO;
				ASSETCATALOG_COMPILER_GENERATE_SWIFT_ASSET_SYMBOL_EXTENSIONS = YES;
				CLANG_ANALYZER_NONNULL = YES;
				CLANG_ANALYZER_NUMBER_OBJECT_CONVERSION = YES_AGGRESSIVE;
				CLANG_CXX_LANGUAGE_STANDARD = "gnu++20";
				CLANG_ENABLE_MODULES = YES;
				CLANG_ENABLE_OBJC_ARC = YES;
				CLANG_ENABLE_OBJC_WEAK = YES;
				CLANG_WARN_BLOCK_CAPTURE_AUTORELEASING = YES;
				CLANG_WARN_BOOL_CONVERSION = YES;
				CLANG_WARN_COMMA = YES;
				CLANG_WARN_CONSTANT_CONVERSION = YES;
				CLANG_WARN_DEPRECATED_OBJC_IMPLEMENTATIONS = YES;
				CLANG_WARN_DIRECT_OBJC_ISA_USAGE = YES_ERROR;
				CLANG_WARN_DOCUMENTATION_COMMENTS = YES;
				CLANG_WARN_EMPTY_BODY = YES;
				CLANG_WARN_ENUM_CONVERSION = YES;
				CLANG_WARN_INFINITE_RECURSION = YES;
				CLANG_WARN_INT_CONVERSION = YES;
				CLANG_WARN_NON_LITERAL_NULL_CONVERSION = YES;
				CLANG_WARN_OBJC_IMPLICIT_RETAIN_SELF = YES;
				CLANG_WARN_OBJC_LITERAL_CONVERSION = YES;
				CLANG_WARN_OBJC_ROOT_CLASS = YES_ERROR;
				CLANG_WARN_QUOTED_INCLUDE_IN_FRAMEWORK_HEADER = YES;
				CLANG_WARN_RANGE_LOOP_ANALYSIS = YES;
				CLANG_WARN_STRICT_PROTOTYPES = YES;
				CLANG_WARN_SUSPICIOUS_MOVE = YES;
				CLANG_WARN_UNGUARDED_AVAILABILITY = YES_AGGRESSIVE;
				CLANG_WARN_UNREACHABLE_CODE = YES;
				CLANG_WARN__DUPLICATE_METHOD_MATCH = YES;
				COPY_PHASE_STRIP = NO;
				DEBUG_INFORMATION_FORMAT = dwarf;
				ENABLE_STRICT_OBJC_MSGSEND = YES;
				ENABLE_TESTABILITY = YES;
				ENABLE_USER_SCRIPT_SANDBOXING = YES;
				GCC_C_LANGUAGE_STANDARD = gnu17;
				GCC_DYNAMIC_NO_PIC = NO;
				GCC_NO_COMMON_BLOCKS = YES;
				GCC_OPTIMIZATION_LEVEL = 0;
				GCC_PREPROCESSOR_DEFINITIONS = (
					"DEBUG=1",
					"$(inherited)",
				);
				GCC_WARN_64_TO_32_BIT_CONVERSION = YES;
				GCC_WARN_ABOUT_RETURN_TYPE = YES_ERROR;
				GCC_WARN_UNDECLARED_SELECTOR = YES;
				GCC_WARN_UNINITIALIZED_AUTOS = YES_AGGRESSIVE;
				GCC_WARN_UNUSED_FUNCTION = YES;
				GCC_WARN_UNUSED_VARIABLE = YES;
				LOCALIZATION_PREFERS_STRING_CATALOGS = YES;
				MTL_ENABLE_DEBUG_INFO = INCLUDE_SOURCE;
				MTL_FAST_MATH = YES;
				ONLY_ACTIVE_ARCH = YES;
				SWIFT_ACTIVE_COMPILATION_CONDITIONS = "DEBUG $(inherited)";
				SWIFT_OPTIMIZATION_LEVEL = "-Onone";
			};
			name = Debug;
		};
		1F8E6D7E2B6BE1520034F0F7 /* Release */ = {
			isa = XCBuildConfiguration;
			buildSettings = {
				ALWAYS_SEARCH_USER_PATHS = NO;
				ASSETCATALOG_COMPILER_GENERATE_SWIFT_ASSET_SYMBOL_EXTENSIONS = YES;
				CLANG_ANALYZER_NONNULL = YES;
				CLANG_ANALYZER_NUMBER_OBJECT_CONVERSION = YES_AGGRESSIVE;
				CLANG_CXX_LANGUAGE_STANDARD = "gnu++20";
				CLANG_ENABLE_MODULES = YES;
				CLANG_ENABLE_OBJC_ARC = YES;
				CLANG_ENABLE_OBJC_WEAK = YES;
				CLANG_WARN_BLOCK_CAPTURE_AUTORELEASING = YES;
				CLANG_WARN_BOOL_CONVERSION = YES;
				CLANG_WARN_COMMA = YES;
				CLANG_WARN_CONSTANT_CONVERSION = YES;
				CLANG_WARN_DEPRECATED_OBJC_IMPLEMENTATIONS = YES;
				CLANG_WARN_DIRECT_OBJC_ISA_USAGE = YES_ERROR;
				CLANG_WARN_DOCUMENTATION_COMMENTS = YES;
				CLANG_WARN_EMPTY_BODY = YES;
				CLANG_WARN_ENUM_CONVERSION = YES;
				CLANG_WARN_INFINITE_RECURSION = YES;
				CLANG_WARN_INT_CONVERSION = YES;
				CLANG_WARN_NON_LITERAL_NULL_CONVERSION = YES;
				CLANG_WARN_OBJC_IMPLICIT_RETAIN_SELF = YES;
				CLANG_WARN_OBJC_LITERAL_CONVERSION = YES;
				CLANG_WARN_OBJC_ROOT_CLASS = YES_ERROR;
				CLANG_WARN_QUOTED_INCLUDE_IN_FRAMEWORK_HEADER = YES;
				CLANG_WARN_RANGE_LOOP_ANALYSIS = YES;
				CLANG_WARN_STRICT_PROTOTYPES = YES;
				CLANG_WARN_SUSPICIOUS_MOVE = YES;
				CLANG_WARN_UNGUARDED_AVAILABILITY = YES_AGGRESSIVE;
				CLANG_WARN_UNREACHABLE_CODE = YES;
				CLANG_WARN__DUPLICATE_METHOD_MATCH = YES;
				COPY_PHASE_STRIP = NO;
				DEBUG_INFORMATION_FORMAT = "dwarf-with-dsym";
				ENABLE_NS_ASSERTIONS = NO;
				ENABLE_STRICT_OBJC_MSGSEND = YES;
				ENABLE_USER_SCRIPT_SANDBOXING = YES;
				GCC_C_LANGUAGE_STANDARD = gnu17;
				GCC_NO_COMMON_BLOCKS = YES;
				GCC_WARN_64_TO_32_BIT_CONVERSION = YES;
				GCC_WARN_ABOUT_RETURN_TYPE = YES_ERROR;
				GCC_WARN_UNDECLARED_SELECTOR = YES;
				GCC_WARN_UNINITIALIZED_AUTOS = YES_AGGRESSIVE;
				GCC_WARN_UNUSED_FUNCTION = YES;
				GCC_WARN_UNUSED_VARIABLE = YES;
				LOCALIZATION_PREFERS_STRING_CATALOGS = YES;
				MTL_ENABLE_DEBUG_INFO = NO;
				MTL_FAST_MATH = YES;
				SWIFT_COMPILATION_MODE = wholemodule;
			};
			name = Release;
		};
		1F8E6D802B6BE1520034F0F7 /* Debug */ = {
			isa = XCBuildConfiguration;
			baseConfigurationReference = 837DCBA78377587EAA3F5D8D /* Pods-todo-exercise.debug.xcconfig */;
			buildSettings = {
				ASSETCATALOG_COMPILER_APPICON_NAME = AppIcon;
				ASSETCATALOG_COMPILER_GLOBAL_ACCENT_COLOR_NAME = AccentColor;
				CODE_SIGN_ENTITLEMENTS = "todo-exercise/todo_exercise.entitlements";
				CODE_SIGN_STYLE = Automatic;
				CURRENT_PROJECT_VERSION = 1;
				DEVELOPMENT_ASSET_PATHS = "\"todo-exercise/Preview Content\"";
				DEVELOPMENT_TEAM = X7277UNZGK;
				ENABLE_HARDENED_RUNTIME = YES;
				ENABLE_PREVIEWS = YES;
				ENABLE_USER_SCRIPT_SANDBOXING = NO;
				GENERATE_INFOPLIST_FILE = YES;
				"INFOPLIST_KEY_UIApplicationSceneManifest_Generation[sdk=iphoneos*]" = YES;
				"INFOPLIST_KEY_UIApplicationSceneManifest_Generation[sdk=iphonesimulator*]" = YES;
				"INFOPLIST_KEY_UIApplicationSupportsIndirectInputEvents[sdk=iphoneos*]" = YES;
				"INFOPLIST_KEY_UIApplicationSupportsIndirectInputEvents[sdk=iphonesimulator*]" = YES;
				"INFOPLIST_KEY_UILaunchScreen_Generation[sdk=iphoneos*]" = YES;
				"INFOPLIST_KEY_UILaunchScreen_Generation[sdk=iphonesimulator*]" = YES;
				"INFOPLIST_KEY_UIStatusBarStyle[sdk=iphoneos*]" = UIStatusBarStyleDefault;
				"INFOPLIST_KEY_UIStatusBarStyle[sdk=iphonesimulator*]" = UIStatusBarStyleDefault;
				INFOPLIST_KEY_UISupportedInterfaceOrientations_iPad = "UIInterfaceOrientationPortrait UIInterfaceOrientationPortraitUpsideDown UIInterfaceOrientationLandscapeLeft UIInterfaceOrientationLandscapeRight";
				INFOPLIST_KEY_UISupportedInterfaceOrientations_iPhone = "UIInterfaceOrientationPortrait UIInterfaceOrientationLandscapeLeft UIInterfaceOrientationLandscapeRight";
				IPHONEOS_DEPLOYMENT_TARGET = 17.2;
				LD_RUNPATH_SEARCH_PATHS = "@executable_path/Frameworks";
				"LD_RUNPATH_SEARCH_PATHS[sdk=macosx*]" = "@executable_path/../Frameworks";
				MACOSX_DEPLOYMENT_TARGET = 14.2;
				MARKETING_VERSION = 1.0;
				PRODUCT_BUNDLE_IDENTIFIER = "com.dreamchrome.eima.todo-exercise";
				PRODUCT_NAME = "$(TARGET_NAME)";
				SDKROOT = auto;
				SUPPORTED_PLATFORMS = "iphoneos iphonesimulator";
				SUPPORTS_MACCATALYST = NO;
				SWIFT_EMIT_LOC_STRINGS = YES;
				SWIFT_VERSION = 5.0;
				TARGETED_DEVICE_FAMILY = 1;
			};
			name = Debug;
		};
		1F8E6D812B6BE1520034F0F7 /* Release */ = {
			isa = XCBuildConfiguration;
			baseConfigurationReference = DAC47775316DDA858BB84656 /* Pods-todo-exercise.release.xcconfig */;
			buildSettings = {
				ASSETCATALOG_COMPILER_APPICON_NAME = AppIcon;
				ASSETCATALOG_COMPILER_GLOBAL_ACCENT_COLOR_NAME = AccentColor;
				CODE_SIGN_ENTITLEMENTS = "todo-exercise/todo_exercise.entitlements";
				CODE_SIGN_STYLE = Automatic;
				CURRENT_PROJECT_VERSION = 1;
				DEVELOPMENT_ASSET_PATHS = "\"todo-exercise/Preview Content\"";
				DEVELOPMENT_TEAM = X7277UNZGK;
				ENABLE_HARDENED_RUNTIME = YES;
				ENABLE_PREVIEWS = YES;
				ENABLE_USER_SCRIPT_SANDBOXING = NO;
				GENERATE_INFOPLIST_FILE = YES;
				"INFOPLIST_KEY_UIApplicationSceneManifest_Generation[sdk=iphoneos*]" = YES;
				"INFOPLIST_KEY_UIApplicationSceneManifest_Generation[sdk=iphonesimulator*]" = YES;
				"INFOPLIST_KEY_UIApplicationSupportsIndirectInputEvents[sdk=iphoneos*]" = YES;
				"INFOPLIST_KEY_UIApplicationSupportsIndirectInputEvents[sdk=iphonesimulator*]" = YES;
				"INFOPLIST_KEY_UILaunchScreen_Generation[sdk=iphoneos*]" = YES;
				"INFOPLIST_KEY_UILaunchScreen_Generation[sdk=iphonesimulator*]" = YES;
				"INFOPLIST_KEY_UIStatusBarStyle[sdk=iphoneos*]" = UIStatusBarStyleDefault;
				"INFOPLIST_KEY_UIStatusBarStyle[sdk=iphonesimulator*]" = UIStatusBarStyleDefault;
				INFOPLIST_KEY_UISupportedInterfaceOrientations_iPad = "UIInterfaceOrientationPortrait UIInterfaceOrientationPortraitUpsideDown UIInterfaceOrientationLandscapeLeft UIInterfaceOrientationLandscapeRight";
				INFOPLIST_KEY_UISupportedInterfaceOrientations_iPhone = "UIInterfaceOrientationPortrait UIInterfaceOrientationLandscapeLeft UIInterfaceOrientationLandscapeRight";
				IPHONEOS_DEPLOYMENT_TARGET = 17.2;
				LD_RUNPATH_SEARCH_PATHS = "@executable_path/Frameworks";
				"LD_RUNPATH_SEARCH_PATHS[sdk=macosx*]" = "@executable_path/../Frameworks";
				MACOSX_DEPLOYMENT_TARGET = 14.2;
				MARKETING_VERSION = 1.0;
				PRODUCT_BUNDLE_IDENTIFIER = "com.dreamchrome.eima.todo-exercise";
				PRODUCT_NAME = "$(TARGET_NAME)";
				SDKROOT = auto;
				SUPPORTED_PLATFORMS = "iphoneos iphonesimulator";
				SUPPORTS_MACCATALYST = NO;
				SWIFT_EMIT_LOC_STRINGS = YES;
				SWIFT_VERSION = 5.0;
				TARGETED_DEVICE_FAMILY = 1;
			};
			name = Release;
		};
/* End XCBuildConfiguration section */

/* Begin XCConfigurationList section */
		1F8E6D6B2B6BE1500034F0F7 /* Build configuration list for PBXProject "todo-exercise" */ = {
			isa = XCConfigurationList;
			buildConfigurations = (
				1F8E6D7D2B6BE1520034F0F7 /* Debug */,
				1F8E6D7E2B6BE1520034F0F7 /* Release */,
			);
			defaultConfigurationIsVisible = 0;
			defaultConfigurationName = Release;
		};
		1F8E6D7F2B6BE1520034F0F7 /* Build configuration list for PBXNativeTarget "todo-exercise" */ = {
			isa = XCConfigurationList;
			buildConfigurations = (
				1F8E6D802B6BE1520034F0F7 /* Debug */,
				1F8E6D812B6BE1520034F0F7 /* Release */,
			);
			defaultConfigurationIsVisible = 0;
			defaultConfigurationName = Release;
		};
/* End XCConfigurationList section */
	};
	rootObject = 1F8E6D682B6BE1500034F0F7 /* Project object */;
}
